
Microsoft Visual Studio Solution File, Format Version 12.00
# Visual Studio Version 17
VisualStudioVersion = 17.6.33801.468
MinimumVisualStudioVersion = 10.0.40219.1
Project("{F184B08F-C81C-45F6-A57F-5ABD9991F28F}") = "WinFormsApp1", "WinFormsApp1.vbproj", "{D9507843-BEA4-4AF1-B025-023E5AA79A36}"
EndProject
Global
	GlobalSection(SolutionConfigurationPlatforms) = preSolution
		Debug|Any CPU = Debug|Any CPU
		Release|Any CPU = Release|Any CPU
	EndGlobalSection
	GlobalSection(ProjectConfigurationPlatforms) = postSolution
		{D9507843-BEA4-4AF1-B025-023E5AA79A36}.Debug|Any CPU.ActiveCfg = Debug|Any CPU
		{D9507843-BEA4-4AF1-B025-023E5AA79A36}.Debug|Any CPU.Build.0 = Debug|Any CPU
		{D9507843-BEA4-4AF1-B025-023E5AA79A36}.Release|Any CPU.ActiveCfg = Release|Any CPU
		{D9507843-BEA4-4AF1-B025-023E5AA79A36}.Release|Any CPU.Build.0 = Release|Any CPU
	EndGlobalSection
	GlobalSection(SolutionProperties) = preSolution
		HideSolutionNode = FALSE
	EndGlobalSection
	GlobalSection(ExtensibilityGlobals) = postSolution
		SolutionGuid = {8776A581-2086-497B-A906-0014AEA0D067}
	EndGlobalSection
EndGlobal
